<?xml version="1.0" encoding="utf-8"?>
<Project ToolsVersion="4.0" xmlns="http://schemas.microsoft.com/developer/msbuild/2003">
  <ItemGroup>
    <None Include="packages.config" />
  </ItemGroup>
  <ItemGroup>
    <Filter Include="Application">
      <UniqueIdentifier>{abea09c6-5ca0-4ff9-8a37-bdff614169b7}</UniqueIdentifier>
    </Filter>
    <Filter Include="FGEngine">
      <UniqueIdentifier>{a4230dd3-785a-479f-b919-f1ea7406ceff}</UniqueIdentifier>
    </Filter>
    <Filter Include="FGEngine\My">
      <UniqueIdentifier>{1c2c0a5c-3a0b-45c7-9864-045727a57426}</UniqueIdentifier>
    </Filter>
    <Filter Include="FGEngine\Package">
      <UniqueIdentifier>{52b6690e-037b-485d-a8c5-b5d320ebda17}</UniqueIdentifier>
    </Filter>
    <Filter Include="FGEngine\Package\glad">
      <UniqueIdentifier>{44c5d2f1-f16c-433b-8ee7-8b61b06f93b6}</UniqueIdentifier>
    </Filter>
    <Filter Include="FGEngine\Package\nlohmann">
      <UniqueIdentifier>{5405f082-26f9-4b69-b3a7-6eba114fead9}</UniqueIdentifier>
    </Filter>
    <Filter Include="FGEngine\Package\ImGui">
      <UniqueIdentifier>{19782256-4f5f-4d89-819f-b1072cccd418}</UniqueIdentifier>
    </Filter>
    <Filter Include="FGEngine\My\Compoent">
      <UniqueIdentifier>{76a633fd-a188-40a6-b3c2-d6492b94030f}</UniqueIdentifier>
    </Filter>
    <Filter Include="FGEngine\My\Debug">
      <UniqueIdentifier>{d744bec0-aefb-4ce1-bd87-865ecd005f0c}</UniqueIdentifier>
    </Filter>
    <Filter Include="FGEngine\My\Engine">
      <UniqueIdentifier>{29060006-9fbf-4bc4-99ed-719892380702}</UniqueIdentifier>
    </Filter>
    <Filter Include="FGEngine\My\InpugSystem">
      <UniqueIdentifier>{b4c30bd0-fba0-4a56-9f99-31c9972ce9a4}</UniqueIdentifier>
    </Filter>
    <Filter Include="FGEngine\My\GameObject">
      <UniqueIdentifier>{102a8a07-cc82-477d-a103-a2851b5a0fe2}</UniqueIdentifier>
    </Filter>
    <Filter Include="FGEngine\My\Mathf">
      <UniqueIdentifier>{572373f6-cbcd-4e90-ac16-d5226add0448}</UniqueIdentifier>
    </Filter>
    <Filter Include="FGEngine\My\Buffer">
      <UniqueIdentifier>{f1caa06e-f6f9-41ee-9322-44ef0ac9565d}</UniqueIdentifier>
    </Filter>
    <Filter Include="FGEngine\My\Resouce">
      <UniqueIdentifier>{6a9fe302-1392-4f3f-81bb-aa533f34ee22}</UniqueIdentifier>
    </Filter>
    <Filter Include="FGEngine\My\Resouce\Mesh">
      <UniqueIdentifier>{a1295a5f-03de-4541-b93b-2511a134580f}</UniqueIdentifier>
    </Filter>
    <Filter Include="FGEngine\My\Resouce\Material">
      <UniqueIdentifier>{2abf810d-6d36-406c-8c48-4e6f3609fe8d}</UniqueIdentifier>
    </Filter>
    <Filter Include="FGEngine\My\Resouce\Texture">
      <UniqueIdentifier>{8e234927-b744-43c6-81f1-78203582a09e}</UniqueIdentifier>
    </Filter>
    <Filter Include="FGEngine\My\Sound">
      <UniqueIdentifier>{3f68f84c-1a11-4baf-bc55-9d3b5dfff267}</UniqueIdentifier>
    </Filter>
    <Filter Include="FGEngine\My\SceneSystem">
      <UniqueIdentifier>{995c3b4d-4046-4c1c-8bf7-ed122aaaaf83}</UniqueIdentifier>
    </Filter>
    <Filter Include="FGEngine\My\Resouce\Shader">
      <UniqueIdentifier>{bbd7f735-771b-4042-892c-54c2c7af336a}</UniqueIdentifier>
    </Filter>
    <Filter Include="Application\Scene">
      <UniqueIdentifier>{203638f9-77e3-43bf-84be-b09582fb54a6}</UniqueIdentifier>
    </Filter>
    <Filter Include="Application\Compoent">
      <UniqueIdentifier>{d7182190-a8a0-4f3d-aac7-d3cc5ede24d5}</UniqueIdentifier>
    </Filter>
    <Filter Include="FGEngine\My\Mathf\Mathf">
      <UniqueIdentifier>{8c2b2737-a88a-49d3-8fad-dd585a8550fe}</UniqueIdentifier>
    </Filter>
    <Filter Include="FGEngine\My\Mathf\Quaternion">
      <UniqueIdentifier>{056f30ca-4d46-45ab-96ee-ed0fe4d19b6c}</UniqueIdentifier>
    </Filter>
    <Filter Include="FGEngine\My\Mathf\Random">
      <UniqueIdentifier>{5540e44e-c48c-4023-a2d4-f25c655fb0c0}</UniqueIdentifier>
    </Filter>
    <Filter Include="FGEngine\My\Mathf\Time">
      <UniqueIdentifier>{0377288d-e523-4a88-b975-02b0fc053568}</UniqueIdentifier>
    </Filter>
    <Filter Include="FGEngine\My\Mathf\Vector">
      <UniqueIdentifier>{6ff815aa-f4b8-4c99-aee5-8e895e3c00ac}</UniqueIdentifier>
    </Filter>
    <Filter Include="FGEngine\My\Mathf\Vector\Vector4">
      <UniqueIdentifier>{ce328512-ce86-4048-acf2-bb8920262e9a}</UniqueIdentifier>
    </Filter>
    <Filter Include="FGEngine\My\Mathf\Vector\Vector3">
      <UniqueIdentifier>{0df9d790-0847-4973-aa24-0aeb8555f479}</UniqueIdentifier>
    </Filter>
    <Filter Include="FGEngine\My\Mathf\Vector\Vector2">
      <UniqueIdentifier>{d194bc5c-bab1-448f-8417-b290de7c3dfc}</UniqueIdentifier>
    </Filter>
    <Filter Include="FGEngine\My\Mathf\Matrix">
      <UniqueIdentifier>{dfcc4850-5eda-4a17-b65f-02da1fe4bdff}</UniqueIdentifier>
    </Filter>
    <Filter Include="FGEngine\My\Mathf\Matrix\Matrix3x3">
      <UniqueIdentifier>{1f354b62-1dc6-4b83-a4a2-a544d37ece37}</UniqueIdentifier>
    </Filter>
    <Filter Include="FGEngine\My\Mathf\Matrix\Matrix4x4">
      <UniqueIdentifier>{5422b407-5d89-4a25-8f0d-540fa082e8d9}</UniqueIdentifier>
    </Filter>
  </ItemGroup>
  <ItemGroup>
    <ClInclude Include="FGEngine\Src\My\Collision.h">
      <Filter>FGEngine\My</Filter>
    </ClInclude>
    <ClInclude Include="FGEngine\Src\My\Color.h">
      <Filter>FGEngine\My</Filter>
    </ClInclude>
    <ClInclude Include="FGEngine\Src\Package\glad\include\glad\glad.h">
      <Filter>FGEngine\Package\glad</Filter>
    </ClInclude>
    <ClInclude Include="FGEngine\Src\Package\nlohmann\json.hpp">
      <Filter>FGEngine\Package\nlohmann</Filter>
    </ClInclude>
    <ClInclude Include="FGEngine\Src\Package\ImGui\imgui.h">
      <Filter>FGEngine\Package\ImGui</Filter>
    </ClInclude>
    <ClInclude Include="FGEngine\Src\Package\ImGui\imgui_impl_glfw.h">
      <Filter>FGEngine\Package\ImGui</Filter>
    </ClInclude>
    <ClInclude Include="FGEngine\Src\Package\ImGui\imgui_impl_opengl3.h">
      <Filter>FGEngine\Package\ImGui</Filter>
    </ClInclude>
    <ClInclude Include="FGEngine\Src\Package\ImGui\imgui_impl_opengl3_loader.h">
      <Filter>FGEngine\Package\ImGui</Filter>
    </ClInclude>
    <ClInclude Include="FGEngine\Src\Package\ImGui\imgui_internal.h">
      <Filter>FGEngine\Package\ImGui</Filter>
    </ClInclude>
    <ClInclude Include="FGEngine\Src\Package\ImGui\imstb_rectpack.h">
      <Filter>FGEngine\Package\ImGui</Filter>
    </ClInclude>
    <ClInclude Include="FGEngine\Src\Package\ImGui\imstb_textedit.h">
      <Filter>FGEngine\Package\ImGui</Filter>
    </ClInclude>
    <ClInclude Include="FGEngine\Src\Package\ImGui\imstb_truetype.h">
      <Filter>FGEngine\Package\ImGui</Filter>
    </ClInclude>
    <ClInclude Include="FGEngine\Src\Package\glad\include\KHR\khrplatform.h">
      <Filter>FGEngine\Package\ImGui</Filter>
    </ClInclude>
    <ClInclude Include="FGEngine\Src\Package\ImGui\imconfig.h">
      <Filter>FGEngine\Package\ImGui</Filter>
    </ClInclude>
    <ClInclude Include="FGEngine\Src\My\AabbCollider.h">
      <Filter>FGEngine\My\Compoent</Filter>
    </ClInclude>
    <ClInclude Include="FGEngine\Src\My\AudioSettings.h">
      <Filter>FGEngine\My\Compoent</Filter>
    </ClInclude>
    <ClInclude Include="FGEngine\Src\My\Billboard.h">
      <Filter>FGEngine\My\Compoent</Filter>
    </ClInclude>
    <ClInclude Include="FGEngine\Src\My\BoxCollider.h">
      <Filter>FGEngine\My\Compoent</Filter>
    </ClInclude>
    <ClInclude Include="FGEngine\Src\My\Camera.h">
      <Filter>FGEngine\My\Compoent</Filter>
    </ClInclude>
    <ClInclude Include="FGEngine\Src\My\ChracterMovement.h">
      <Filter>FGEngine\My\Compoent</Filter>
    </ClInclude>
    <ClInclude Include="FGEngine\Src\My\Collider.h">
      <Filter>FGEngine\My\Compoent</Filter>
    </ClInclude>
    <ClInclude Include="FGEngine\Src\My\Component.h">
      <Filter>FGEngine\My\Compoent</Filter>
    </ClInclude>
    <ClInclude Include="FGEngine\Src\My\ComponentHelper.h">
      <Filter>FGEngine\My\Compoent</Filter>
    </ClInclude>
    <ClInclude Include="FGEngine\Src\My\Debug.h">
      <Filter>FGEngine\My\Debug</Filter>
    </ClInclude>
    <ClInclude Include="FGEngine\Src\My\Engine.h">
      <Filter>FGEngine\My\Engine</Filter>
    </ClInclude>
    <ClInclude Include="FGEngine\Src\My\GamePad.h">
      <Filter>FGEngine\My\InpugSystem</Filter>
    </ClInclude>
    <ClInclude Include="FGEngine\Src\My\GameObject.h">
      <Filter>FGEngine\My\GameObject</Filter>
    </ClInclude>
    <ClInclude Include="FGEngine\Src\My\GltfAnimatednMeshRenderer.h">
      <Filter>FGEngine\My\Compoent</Filter>
    </ClInclude>
    <ClInclude Include="FGEngine\Src\My\Image.h">
      <Filter>FGEngine\My\Compoent</Filter>
    </ClInclude>
    <ClInclude Include="FGEngine\Src\My\ImGuiUI.h">
      <Filter>FGEngine\My\Compoent</Filter>
    </ClInclude>
    <ClInclude Include="FGEngine\Src\My\Light.h">
      <Filter>FGEngine\My\Compoent</Filter>
    </ClInclude>
    <ClInclude Include="FGEngine\Src\My\Input.h">
      <Filter>FGEngine\My\InpugSystem</Filter>
    </ClInclude>
    <ClInclude Include="FGEngine\Src\My\InputHelper.h">
      <Filter>FGEngine\My\InpugSystem</Filter>
    </ClInclude>
    <ClInclude Include="FGEngine\Src\My\KeyCode.h">
      <Filter>FGEngine\My\InpugSystem</Filter>
    </ClInclude>
    <ClInclude Include="FGEngine\Src\My\BufferObject.h">
      <Filter>FGEngine\My\Buffer</Filter>
    </ClInclude>
    <ClInclude Include="FGEngine\Src\My\FrameBufferObject.h">
      <Filter>FGEngine\My\Buffer</Filter>
    </ClInclude>
    <ClInclude Include="FGEngine\Src\My\GltfMesh.h">
      <Filter>FGEngine\My\Buffer</Filter>
    </ClInclude>
    <ClInclude Include="FGEngine\Src\My\Text.h">
      <Filter>FGEngine\My\Compoent</Filter>
    </ClInclude>
    <ClInclude Include="FGEngine\Src\My\Transform.h">
      <Filter>FGEngine\My\Compoent</Filter>
    </ClInclude>
    <ClInclude Include="FGEngine\Src\My\GltfMeshRenderer.h">
      <Filter>FGEngine\My\Compoent</Filter>
    </ClInclude>
    <ClInclude Include="FGEngine\Src\My\Material.h">
      <Filter>FGEngine\My\Resouce\Material</Filter>
    </ClInclude>
    <ClInclude Include="FGEngine\Src\My\EasyAudio.h">
      <Filter>FGEngine\My\Sound</Filter>
    </ClInclude>
    <ClInclude Include="FGEngine\Src\My\MapBufferObjecth.h">
      <Filter>FGEngine\My\Buffer</Filter>
    </ClInclude>
    <ClInclude Include="FGEngine\Src\My\Mesh.h">
      <Filter>FGEngine\My\Buffer</Filter>
    </ClInclude>
    <ClInclude Include="FGEngine\Src\My\MeshRenderer.h">
      <Filter>FGEngine\My\Compoent</Filter>
    </ClInclude>
    <ClInclude Include="FGEngine\Src\My\Texture.h">
      <Filter>FGEngine\My\Resouce\Texture</Filter>
    </ClInclude>
    <ClInclude Include="FGEngine\Src\My\VecMath.h">
      <Filter>FGEngine\My\Mathf</Filter>
    </ClInclude>
    <ClInclude Include="FGEngine\Src\My\Scene.h">
      <Filter>FGEngine\My\SceneSystem</Filter>
    </ClInclude>
    <ClInclude Include="FGEngine\Src\My\SceneManager.h">
      <Filter>FGEngine\My\SceneSystem</Filter>
    </ClInclude>
    <ClInclude Include="FGEngine\Src\My\SphereCollider.h">
      <Filter>FGEngine\My\Compoent</Filter>
    </ClInclude>
    <ClInclude Include="FGEngine\Src\My\ProgramObject.h">
      <Filter>FGEngine\My\Resouce\Shader</Filter>
    </ClInclude>
    <ClInclude Include="FGEngine\Src\My\VertexArrayObject.h">
      <Filter>FGEngine\My\Buffer</Filter>
    </ClInclude>
    <ClInclude Include="FGEngine\Src\My\Object.h">
      <Filter>FGEngine\My\GameObject</Filter>
    </ClInclude>
    <ClInclude Include="Application\Src\TitleScene.h">
      <Filter>Application\Scene</Filter>
    </ClInclude>
    <ClInclude Include="Application\Src\MainScene.h">
      <Filter>Application\Scene</Filter>
    </ClInclude>
    <ClInclude Include="Application\Src\BaseMS.h">
      <Filter>Application\Compoent</Filter>
    </ClInclude>
    <ClInclude Include="Application\Src\CameraMove.h">
      <Filter>Application\Compoent</Filter>
    </ClInclude>
    <ClInclude Include="Application\Src\EnemyMs.h">
      <Filter>Application\Compoent</Filter>
    </ClInclude>
    <ClInclude Include="Application\Src\Gundam.h">
      <Filter>Application\Compoent</Filter>
    </ClInclude>
    <ClInclude Include="Application\Src\MagunamBullet.h">
      <Filter>Application\Compoent</Filter>
    </ClInclude>
    <ClInclude Include="Application\Src\MyEngine.h">
      <Filter>Application\Compoent</Filter>
    </ClInclude>
    <ClInclude Include="Application\Src\PlayerController.h">
      <Filter>Application\Compoent</Filter>
    </ClInclude>
    <ClInclude Include="Application\Src\PlayerManager.h">
      <Filter>Application\Compoent</Filter>
    </ClInclude>
    <ClInclude Include="Application\Src\SableAttack.h">
      <Filter>Application\Compoent</Filter>
    </ClInclude>
    <ClInclude Include="FGEngine\Src\My\Mathf.h">
      <Filter>FGEngine\My\Mathf\Mathf</Filter>
    </ClInclude>
    <ClInclude Include="FGEngine\Src\My\Matrix3x3.h">
      <Filter>FGEngine\My\Mathf\Matrix\Matrix3x3</Filter>
    </ClInclude>
    <ClInclude Include="FGEngine\Src\My\Matrix4x4.h">
      <Filter>FGEngine\My\Mathf\Matrix\Matrix4x4</Filter>
    </ClInclude>
    <ClInclude Include="FGEngine\Src\My\MatrixFrd.h">
      <Filter>FGEngine\My\Mathf\Matrix</Filter>
    </ClInclude>
    <ClInclude Include="FGEngine\Src\My\MatrixPoint.h">
      <Filter>FGEngine\My\Mathf\Matrix</Filter>
    </ClInclude>
    <ClInclude Include="FGEngine\Src\My\Random.h">
      <Filter>FGEngine\My\Mathf\Random</Filter>
    </ClInclude>
    <ClInclude Include="FGEngine\Src\My\Time.h">
      <Filter>FGEngine\My\Mathf\Time</Filter>
    </ClInclude>
    <ClInclude Include="FGEngine\Src\My\Quaternion.h">
      <Filter>FGEngine\My\Mathf\Quaternion</Filter>
    </ClInclude>
    <ClInclude Include="FGEngine\Src\My\Renderer.h">
      <Filter>FGEngine\My\Compoent</Filter>
    </ClInclude>
    <ClInclude Include="FGEngine\Src\My\Vector3.h">
      <Filter>FGEngine\My\Mathf\Vector\Vector3</Filter>
    </ClInclude>
    <ClInclude Include="FGEngine\Src\My\Vector4.h">
      <Filter>FGEngine\My\Mathf\Vector\Vector4</Filter>
    </ClInclude>
    <ClInclude Include="FGEngine\Src\My\VectorFrd.h">
      <Filter>FGEngine\My\Mathf\Vector</Filter>
    </ClInclude>
    <ClInclude Include="FGEngine\Src\My\VectorPoint.h">
      <Filter>FGEngine\My\Mathf\Vector</Filter>
    </ClInclude>
    <ClInclude Include="FGEngine\Src\My\Vector2.h">
      <Filter>FGEngine\My\Mathf\Vector\Vector2</Filter>
    </ClInclude>
  </ItemGroup>
  <ItemGroup>
    <ClCompile Include="FGEngine\Src\My\Collision.cpp">
      <Filter>FGEngine\My</Filter>
    </ClCompile>
    <ClCompile Include="FGEngine\Src\Package\glad\src\glad.c">
      <Filter>FGEngine\Package\glad</Filter>
    </ClCompile>
    <ClCompile Include="FGEngine\Src\Package\ImGui\imgui.cpp">
      <Filter>FGEngine\Package\ImGui</Filter>
    </ClCompile>
    <ClCompile Include="FGEngine\Src\Package\ImGui\imgui_demo.cpp">
      <Filter>FGEngine\Package\ImGui</Filter>
    </ClCompile>
    <ClCompile Include="FGEngine\Src\Package\ImGui\imgui_draw.cpp">
      <Filter>FGEngine\Package\ImGui</Filter>
    </ClCompile>
    <ClCompile Include="FGEngine\Src\Package\ImGui\imgui_impl_glfw.cpp">
      <Filter>FGEngine\Package\ImGui</Filter>
    </ClCompile>
    <ClCompile Include="FGEngine\Src\Package\ImGui\imgui_impl_opengl3.cpp">
      <Filter>FGEngine\Package\ImGui</Filter>
    </ClCompile>
    <ClCompile Include="FGEngine\Src\Package\ImGui\imgui_tables.cpp">
      <Filter>FGEngine\Package\ImGui</Filter>
    </ClCompile>
    <ClCompile Include="FGEngine\Src\Package\ImGui\imgui_widgets.cpp">
      <Filter>FGEngine\Package\ImGui</Filter>
    </ClCompile>
    <ClCompile Include="FGEngine\Src\My\Debug.cpp">
      <Filter>FGEngine\My\Debug</Filter>
    </ClCompile>
    <ClCompile Include="FGEngine\Src\My\Engine.cpp">
      <Filter>FGEngine\My\Engine</Filter>
    </ClCompile>
    <ClCompile Include="FGEngine\Src\My\GamePad.cpp">
      <Filter>FGEngine\My\InpugSystem</Filter>
    </ClCompile>
    <ClCompile Include="FGEngine\Src\My\GameObject.cpp">
      <Filter>FGEngine\My\GameObject</Filter>
    </ClCompile>
    <ClCompile Include="FGEngine\Src\My\GltfAnimatedMeshRenderer.cpp">
      <Filter>FGEngine\My\Compoent</Filter>
    </ClCompile>
    <ClCompile Include="FGEngine\Src\My\Image.cpp">
      <Filter>FGEngine\My\Compoent</Filter>
    </ClCompile>
    <ClCompile Include="FGEngine\Src\My\ImGuiUI.cpp">
      <Filter>FGEngine\My\Compoent</Filter>
    </ClCompile>
    <ClCompile Include="FGEngine\Src\My\Light.cpp">
      <Filter>FGEngine\My\Compoent</Filter>
    </ClCompile>
    <ClCompile Include="FGEngine\Src\My\Input.cpp">
      <Filter>FGEngine\My\InpugSystem</Filter>
    </ClCompile>
    <ClCompile Include="FGEngine\Src\My\BufferObject.cpp">
      <Filter>FGEngine\My\Buffer</Filter>
    </ClCompile>
    <ClCompile Include="FGEngine\Src\My\FrameBufferObject.cpp">
      <Filter>FGEngine\My\Buffer</Filter>
    </ClCompile>
    <ClCompile Include="FGEngine\Src\My\GltfMesh.cpp">
      <Filter>FGEngine\My\Buffer</Filter>
    </ClCompile>
    <ClCompile Include="FGEngine\Src\My\Text.cpp">
      <Filter>FGEngine\My\Compoent</Filter>
    </ClCompile>
    <ClCompile Include="FGEngine\Src\My\GltfMeshRenderer.cpp">
      <Filter>FGEngine\My\Compoent</Filter>
    </ClCompile>
    <ClCompile Include="FGEngine\Src\My\EasyAudio.cpp">
      <Filter>FGEngine\My\Sound</Filter>
    </ClCompile>
    <ClCompile Include="FGEngine\Src\My\MapBufferObject.cpp">
      <Filter>FGEngine\My\Buffer</Filter>
    </ClCompile>
    <ClCompile Include="FGEngine\Src\My\Mesh.cpp">
      <Filter>FGEngine\My\Buffer</Filter>
    </ClCompile>
    <ClCompile Include="FGEngine\Src\My\MeshRenderer.cpp">
      <Filter>FGEngine\My\Compoent</Filter>
    </ClCompile>
    <ClCompile Include="FGEngine\Src\My\Texture.cpp">
      <Filter>FGEngine\My\Resouce\Texture</Filter>
    </ClCompile>
    <ClCompile Include="FGEngine\Src\My\SceneManager.cpp">
      <Filter>FGEngine\My\SceneSystem</Filter>
    </ClCompile>
    <ClCompile Include="FGEngine\Src\My\ProgramObject.cpp">
      <Filter>FGEngine\My\Resouce\Shader</Filter>
    </ClCompile>
    <ClCompile Include="Application\Src\TitleScene.cpp">
      <Filter>Application\Scene</Filter>
    </ClCompile>
    <ClCompile Include="Application\Src\MainScene.cpp">
      <Filter>Application\Scene</Filter>
    </ClCompile>
    <ClCompile Include="Application\Src\CameraMove.cpp">
      <Filter>Application\Compoent</Filter>
    </ClCompile>
    <ClCompile Include="Application\Src\EnemyMs.cpp">
      <Filter>Application\Compoent</Filter>
    </ClCompile>
    <ClCompile Include="Application\Src\Gundam.cpp">
      <Filter>Application\Compoent</Filter>
    </ClCompile>
    <ClCompile Include="Application\Src\MagunamBullet.cpp">
      <Filter>Application\Compoent</Filter>
    </ClCompile>
    <ClCompile Include="Application\Src\PlayerController.cpp">
      <Filter>Application\Compoent</Filter>
    </ClCompile>
    <ClCompile Include="Application\Src\PlayerManager.cpp">
      <Filter>Application\Compoent</Filter>
    </ClCompile>
    <ClCompile Include="Application\Src\SableAttack.cpp">
      <Filter>Application\Compoent</Filter>
    </ClCompile>
    <ClCompile Include="FGEngine\Src\My\Mathf.cpp">
      <Filter>FGEngine\My\Mathf\Mathf</Filter>
    </ClCompile>
    <ClCompile Include="FGEngine\Src\My\Matrix4x4.cpp">
      <Filter>FGEngine\My\Mathf\Matrix\Matrix4x4</Filter>
    </ClCompile>
    <ClCompile Include="FGEngine\Src\My\Quaternion.cpp">
      <Filter>FGEngine\My\Mathf\Quaternion</Filter>
    </ClCompile>
    <ClCompile Include="FGEngine\Src\My\Random.cpp">
      <Filter>FGEngine\My\Mathf\Random</Filter>
    </ClCompile>
    <ClCompile Include="FGEngine\Src\My\Time.cpp">
      <Filter>FGEngine\My\Mathf\Time</Filter>
    </ClCompile>
    <ClCompile Include="FGEngine\Src\My\Vector2.cpp">
      <Filter>FGEngine\My\Mathf\Vector\Vector2</Filter>
    </ClCompile>
    <ClCompile Include="FGEngine\Src\My\Vector3.cpp">
      <Filter>FGEngine\My\Mathf\Vector\Vector3</Filter>
    </ClCompile>
    <ClCompile Include="FGEngine\Src\My\Vector4.cpp">
      <Filter>FGEngine\My\Mathf\Vector\Vector4</Filter>
    </ClCompile>
  </ItemGroup>
</Project>