<?xml version="1.0" encoding="utf-8"?>
<Project ToolsVersion="4.0" xmlns="http://schemas.microsoft.com/developer/msbuild/2003">
  <ItemGroup>
    <None Include="packages.config" />
    <None Include="FGEngine\Res\Shader\unlit.vert">
      <Filter>FGEngine\Res\Unlit</Filter>
    </None>
    <None Include="FGEngine\Res\Shader\unlit.frag">
      <Filter>FGEngine\Res\Unlit</Filter>
    </None>
    <None Include="FGEngine\Res\Shader\standard3D.frag">
      <Filter>FGEngine\Res\Standard3D</Filter>
    </None>
    <None Include="FGEngine\Res\Shader\standard3D.vert">
      <Filter>FGEngine\Res\Standard3D</Filter>
    </None>
    <None Include="FGEngine\Res\Shader\shadow3D.frag">
      <Filter>FGEngine\Res\shadow3D</Filter>
    </None>
    <None Include="FGEngine\Res\Shader\shadow3D.vert">
      <Filter>FGEngine\Res\shadow3D</Filter>
    </None>
    <None Include="FGEngine\Res\Shader\shadowSkeletal3D.vert">
      <Filter>FGEngine\Res\shadow3D</Filter>
    </None>
    <None Include="FGEngine\Res\Shader\skeletal3D.vert">
      <Filter>FGEngine\Res\Standard3D</Filter>
    </None>
    <None Include="FGEngine\Res\Shader\particle.vert">
      <Filter>FGEngine\Res\Particle</Filter>
    </None>
    <None Include="FGEngine\Res\Shader\particle.frag">
      <Filter>FGEngine\Res\Particle</Filter>
    </None>
    <None Include="Application\Res\Map\Map01\Ground.bin">
      <Filter>Application</Filter>
    </None>
    <None Include="Application\Res\Map\Map01\Map01.bin">
      <Filter>Application</Filter>
    </None>
    <None Include="Application\Res\Ms\Gundam\Model\Gundam.bin">
      <Filter>Application</Filter>
    </None>
  </ItemGroup>
  <ItemGroup>
    <Filter Include="Application">
      <UniqueIdentifier>{abea09c6-5ca0-4ff9-8a37-bdff614169b7}</UniqueIdentifier>
    </Filter>
    <Filter Include="FGEngine">
      <UniqueIdentifier>{a4230dd3-785a-479f-b919-f1ea7406ceff}</UniqueIdentifier>
    </Filter>
    <Filter Include="FGEngine\Res">
      <UniqueIdentifier>{02278ff6-35f4-423a-9043-20a20a7bc1e5}</UniqueIdentifier>
    </Filter>
    <Filter Include="FGEngine\Res\Unlit">
      <UniqueIdentifier>{603b7c5f-d0c5-4a45-a4dd-6ddb92e2dcc2}</UniqueIdentifier>
    </Filter>
    <Filter Include="FGEngine\Res\Standard3D">
      <UniqueIdentifier>{01d187a3-2966-4d4e-bda5-1ae21d03fb7f}</UniqueIdentifier>
    </Filter>
    <Filter Include="FGEngine\Res\shadow3D">
      <UniqueIdentifier>{97c644f8-a208-415c-9669-0afe7b60b83d}</UniqueIdentifier>
    </Filter>
    <Filter Include="FGEngine\Res\Particle">
      <UniqueIdentifier>{fd94a521-df4a-4d82-a3b0-72a9d5ace93d}</UniqueIdentifier>
    </Filter>
  </ItemGroup>
  <ItemGroup>
    <ClCompile Include="FGEngine\Src\Main.cpp">
      <Filter>FGEngine</Filter>
    </ClCompile>
    <ClCompile Include="FGEngine\Src\My\AabbCollider.cpp">
      <Filter>FGEngine</Filter>
    </ClCompile>
    <ClCompile Include="FGEngine\Src\My\Animator.cpp">
      <Filter>FGEngine</Filter>
    </ClCompile>
    <ClCompile Include="FGEngine\Src\My\AudioListner.cpp">
      <Filter>FGEngine</Filter>
    </ClCompile>
    <ClCompile Include="FGEngine\Src\My\AudioSource.cpp">
      <Filter>FGEngine</Filter>
    </ClCompile>
    <ClCompile Include="FGEngine\Src\My\BoxCollider.cpp">
      <Filter>FGEngine</Filter>
    </ClCompile>
    <ClCompile Include="FGEngine\Src\My\BufferObject.cpp">
      <Filter>FGEngine</Filter>
    </ClCompile>
    <ClCompile Include="FGEngine\Src\My\Camera.cpp">
      <Filter>FGEngine</Filter>
    </ClCompile>
    <ClCompile Include="FGEngine\Src\My\Collider.cpp">
      <Filter>FGEngine</Filter>
    </ClCompile>
    <ClCompile Include="FGEngine\Src\My\Debug.cpp">
      <Filter>FGEngine</Filter>
    </ClCompile>
    <ClCompile Include="FGEngine\Src\My\EasyAudio\EasyAudio.cpp">
      <Filter>FGEngine</Filter>
    </ClCompile>
    <ClCompile Include="FGEngine\Src\My\EngineCore.cpp">
      <Filter>FGEngine</Filter>
    </ClCompile>
    <ClCompile Include="FGEngine\Src\My\FrameBufferObject.cpp">
      <Filter>FGEngine</Filter>
    </ClCompile>
    <ClCompile Include="FGEngine\Src\My\GameObject.cpp">
      <Filter>FGEngine</Filter>
    </ClCompile>
    <ClCompile Include="FGEngine\Src\My\GltfFileBuffer.cpp">
      <Filter>FGEngine</Filter>
    </ClCompile>
    <ClCompile Include="FGEngine\Src\My\GltfMeshRenderer.cpp">
      <Filter>FGEngine</Filter>
    </ClCompile>
    <ClCompile Include="FGEngine\Src\My\Image.cpp">
      <Filter>FGEngine</Filter>
    </ClCompile>
    <ClCompile Include="FGEngine\Src\My\ImGuiLayout.cpp">
      <Filter>FGEngine</Filter>
    </ClCompile>
    <ClCompile Include="FGEngine\Src\My\InputKey.cpp">
      <Filter>FGEngine</Filter>
    </ClCompile>
    <ClCompile Include="FGEngine\Src\My\InputManager.cpp">
      <Filter>FGEngine</Filter>
    </ClCompile>
    <ClCompile Include="FGEngine\Src\My\InputMouse.cpp">
      <Filter>FGEngine</Filter>
    </ClCompile>
    <ClCompile Include="FGEngine\Src\My\Intersect.cpp">
      <Filter>FGEngine</Filter>
    </ClCompile>
    <ClCompile Include="FGEngine\Src\My\MapBufferObject.cpp">
      <Filter>FGEngine</Filter>
    </ClCompile>
    <ClCompile Include="FGEngine\Src\My\Mathf.cpp">
      <Filter>FGEngine</Filter>
    </ClCompile>
    <ClCompile Include="FGEngine\Src\My\Matrix3x3.cpp">
      <Filter>FGEngine</Filter>
    </ClCompile>
    <ClCompile Include="FGEngine\Src\My\Matrix4x4.cpp">
      <Filter>FGEngine</Filter>
    </ClCompile>
    <ClCompile Include="FGEngine\Src\My\MeshBuffer.cpp">
      <Filter>FGEngine</Filter>
    </ClCompile>
    <ClCompile Include="FGEngine\Src\My\MeshRenderer.cpp">
      <Filter>FGEngine</Filter>
    </ClCompile>
    <ClCompile Include="FGEngine\Src\My\Object.cpp">
      <Filter>FGEngine</Filter>
    </ClCompile>
    <ClCompile Include="FGEngine\Src\My\ObjectManager.cpp">
      <Filter>FGEngine</Filter>
    </ClCompile>
    <ClCompile Include="FGEngine\Src\My\Particle.cpp">
      <Filter>FGEngine</Filter>
    </ClCompile>
    <ClCompile Include="FGEngine\Src\My\ParticleSystem.cpp">
      <Filter>FGEngine</Filter>
    </ClCompile>
    <ClCompile Include="FGEngine\Src\My\PhysicsEngine.cpp">
      <Filter>FGEngine</Filter>
    </ClCompile>
    <ClCompile Include="FGEngine\Src\My\Quaternion.cpp">
      <Filter>FGEngine</Filter>
    </ClCompile>
    <ClCompile Include="FGEngine\Src\My\Random.cpp">
      <Filter>FGEngine</Filter>
    </ClCompile>
    <ClCompile Include="FGEngine\Src\My\RenderingEngine.cpp">
      <Filter>FGEngine</Filter>
    </ClCompile>
    <ClCompile Include="FGEngine\Src\My\ResouceManager.cpp">
      <Filter>FGEngine</Filter>
    </ClCompile>
    <ClCompile Include="FGEngine\Src\My\Rigidbody.cpp">
      <Filter>FGEngine</Filter>
    </ClCompile>
    <ClCompile Include="FGEngine\Src\My\SceneManager.cpp">
      <Filter>FGEngine</Filter>
    </ClCompile>
    <ClCompile Include="FGEngine\Src\My\Shader.cpp">
      <Filter>FGEngine</Filter>
    </ClCompile>
    <ClCompile Include="FGEngine\Src\My\SoundManager.cpp">
      <Filter>FGEngine</Filter>
    </ClCompile>
    <ClCompile Include="FGEngine\Src\My\SphereCollider.cpp">
      <Filter>FGEngine</Filter>
    </ClCompile>
    <ClCompile Include="FGEngine\Src\My\Texture.cpp">
      <Filter>FGEngine</Filter>
    </ClCompile>
    <ClCompile Include="FGEngine\Src\My\Time.cpp">
      <Filter>FGEngine</Filter>
    </ClCompile>
    <ClCompile Include="FGEngine\Src\My\Transform.cpp">
      <Filter>FGEngine</Filter>
    </ClCompile>
    <ClCompile Include="FGEngine\Src\My\Vector2.cpp">
      <Filter>FGEngine</Filter>
    </ClCompile>
    <ClCompile Include="FGEngine\Src\My\Vector3.cpp">
      <Filter>FGEngine</Filter>
    </ClCompile>
    <ClCompile Include="FGEngine\Src\My\Vector4.cpp">
      <Filter>FGEngine</Filter>
    </ClCompile>
    <ClCompile Include="FGEngine\Src\My\VertexArrayObjectcpp.cpp">
      <Filter>FGEngine</Filter>
    </ClCompile>
    <ClCompile Include="FGEngine\Src\My\WindowManager.cpp">
      <Filter>FGEngine</Filter>
    </ClCompile>
    <ClCompile Include="FGEngine\Src\Package\glad\src\glad.c">
      <Filter>FGEngine</Filter>
    </ClCompile>
    <ClCompile Include="FGEngine\Src\Package\ImGui\imgui.cpp">
      <Filter>FGEngine</Filter>
    </ClCompile>
    <ClCompile Include="FGEngine\Src\Package\ImGui\imgui_demo.cpp">
      <Filter>FGEngine</Filter>
    </ClCompile>
    <ClCompile Include="FGEngine\Src\Package\ImGui\imgui_draw.cpp">
      <Filter>FGEngine</Filter>
    </ClCompile>
    <ClCompile Include="FGEngine\Src\Package\ImGui\imgui_impl_glfw.cpp">
      <Filter>FGEngine</Filter>
    </ClCompile>
    <ClCompile Include="FGEngine\Src\Package\ImGui\imgui_impl_opengl3.cpp">
      <Filter>FGEngine</Filter>
    </ClCompile>
    <ClCompile Include="FGEngine\Src\Package\ImGui\imgui_tables.cpp">
      <Filter>FGEngine</Filter>
    </ClCompile>
    <ClCompile Include="FGEngine\Src\Package\ImGui\imgui_widgets.cpp">
      <Filter>FGEngine</Filter>
    </ClCompile>
    <ClCompile Include="Application\Src\Application.cpp">
      <Filter>Application</Filter>
    </ClCompile>
    <ClCompile Include="Application\Src\BaseBullet.cpp">
      <Filter>Application</Filter>
    </ClCompile>
    <ClCompile Include="Application\Src\BaseMs.cpp">
      <Filter>Application</Filter>
    </ClCompile>
    <ClCompile Include="Application\Src\BaseSlash.cpp">
      <Filter>Application</Filter>
    </ClCompile>
    <ClCompile Include="Application\Src\BattleManager.cpp">
      <Filter>Application</Filter>
    </ClCompile>
    <ClCompile Include="Application\Src\BattleSettingManager.cpp">
      <Filter>Application</Filter>
    </ClCompile>
    <ClCompile Include="Application\Src\ChoiceManager.cpp">
      <Filter>Application</Filter>
    </ClCompile>
    <ClCompile Include="Application\Src\ControlOwner.cpp">
      <Filter>Application</Filter>
    </ClCompile>
    <ClCompile Include="Application\Src\CpuControl.cpp">
      <Filter>Application</Filter>
    </ClCompile>
    <ClCompile Include="Application\Src\FadeOut.cpp">
      <Filter>Application</Filter>
    </ClCompile>
    <ClCompile Include="Application\Src\Gundam.cpp">
      <Filter>Application</Filter>
    </ClCompile>
    <ClCompile Include="Application\Src\HomingBullet.cpp">
      <Filter>Application</Filter>
    </ClCompile>
    <ClCompile Include="Application\Src\HumanControl.cpp">
      <Filter>Application</Filter>
    </ClCompile>
    <ClCompile Include="Application\Src\ImageBlinking.cpp">
      <Filter>Application</Filter>
    </ClCompile>
    <ClCompile Include="Application\Src\ImageNum.cpp">
      <Filter>Application</Filter>
    </ClCompile>
    <ClCompile Include="Application\Src\LookOnCamera.cpp">
      <Filter>Application</Filter>
    </ClCompile>
    <ClCompile Include="Application\Src\Scene\BattleMap01Scene.cpp">
      <Filter>Application</Filter>
    </ClCompile>
    <ClCompile Include="Application\Src\Scene\BattleSettingScene.cpp">
      <Filter>Application</Filter>
    </ClCompile>
    <ClCompile Include="Application\Src\Scene\ChoiceScene.cpp">
      <Filter>Application</Filter>
    </ClCompile>
    <ClCompile Include="Application\Src\Scene\TestSene.cpp">
      <Filter>Application</Filter>
    </ClCompile>
    <ClCompile Include="Application\Src\Scene\TitleScene.cpp">
      <Filter>Application</Filter>
    </ClCompile>
    <ClCompile Include="Application\Src\TitleManager.cpp">
      <Filter>Application</Filter>
    </ClCompile>
  </ItemGroup>
  <ItemGroup>
    <ClInclude Include="FGEngine\Src\My\AabbCollider.h">
      <Filter>FGEngine</Filter>
    </ClInclude>
    <ClInclude Include="FGEngine\Src\My\AnimationClip.h">
      <Filter>FGEngine</Filter>
    </ClInclude>
    <ClInclude Include="FGEngine\Src\My\Animator.h">
      <Filter>FGEngine</Filter>
    </ClInclude>
    <ClInclude Include="FGEngine\Src\My\AudioListner.h">
      <Filter>FGEngine</Filter>
    </ClInclude>
    <ClInclude Include="FGEngine\Src\My\AudioSource.h">
      <Filter>FGEngine</Filter>
    </ClInclude>
    <ClInclude Include="FGEngine\Src\My\Behaviour.h">
      <Filter>FGEngine</Filter>
    </ClInclude>
    <ClInclude Include="FGEngine\Src\My\BoxCollider.h">
      <Filter>FGEngine</Filter>
    </ClInclude>
    <ClInclude Include="FGEngine\Src\My\BufferObject.h">
      <Filter>FGEngine</Filter>
    </ClInclude>
    <ClInclude Include="FGEngine\Src\My\Camera.h">
      <Filter>FGEngine</Filter>
    </ClInclude>
    <ClInclude Include="FGEngine\Src\My\Collider.h">
      <Filter>FGEngine</Filter>
    </ClInclude>
    <ClInclude Include="FGEngine\Src\My\Collision.h">
      <Filter>FGEngine</Filter>
    </ClInclude>
    <ClInclude Include="FGEngine\Src\My\CollisionType.h">
      <Filter>FGEngine</Filter>
    </ClInclude>
    <ClInclude Include="FGEngine\Src\My\Color.h">
      <Filter>FGEngine</Filter>
    </ClInclude>
    <ClInclude Include="FGEngine\Src\My\Component.h">
      <Filter>FGEngine</Filter>
    </ClInclude>
    <ClInclude Include="FGEngine\Src\My\ComponentHelper.h">
      <Filter>FGEngine</Filter>
    </ClInclude>
    <ClInclude Include="FGEngine\Src\My\Debug.h">
      <Filter>FGEngine</Filter>
    </ClInclude>
    <ClInclude Include="FGEngine\Src\My\DefalutShader.h">
      <Filter>FGEngine</Filter>
    </ClInclude>
    <ClInclude Include="FGEngine\Src\My\DrawParams.h">
      <Filter>FGEngine</Filter>
    </ClInclude>
    <ClInclude Include="FGEngine\Src\My\EasyAudio\EasyAudio.h">
      <Filter>FGEngine</Filter>
    </ClInclude>
    <ClInclude Include="FGEngine\Src\My\EngineCore.h">
      <Filter>FGEngine</Filter>
    </ClInclude>
    <ClInclude Include="FGEngine\Src\My\FrameBufferObject.h">
      <Filter>FGEngine</Filter>
    </ClInclude>
    <ClInclude Include="FGEngine\Src\My\GameObject.h">
      <Filter>FGEngine</Filter>
    </ClInclude>
    <ClInclude Include="FGEngine\Src\My\GltfFile.h">
      <Filter>FGEngine</Filter>
    </ClInclude>
    <ClInclude Include="FGEngine\Src\My\GltfFileBuffer.h">
      <Filter>FGEngine</Filter>
    </ClInclude>
    <ClInclude Include="FGEngine\Src\My\GltfMeshRenderer.h">
      <Filter>FGEngine</Filter>
    </ClInclude>
    <ClInclude Include="FGEngine\Src\My\Image.h">
      <Filter>FGEngine</Filter>
    </ClInclude>
    <ClInclude Include="FGEngine\Src\My\ImGuiLayout.h">
      <Filter>FGEngine</Filter>
    </ClInclude>
    <ClInclude Include="FGEngine\Src\My\InputKey.h">
      <Filter>FGEngine</Filter>
    </ClInclude>
    <ClInclude Include="FGEngine\Src\My\InputManager.h">
      <Filter>FGEngine</Filter>
    </ClInclude>
    <ClInclude Include="FGEngine\Src\My\InputMouse.h">
      <Filter>FGEngine</Filter>
    </ClInclude>
    <ClInclude Include="FGEngine\Src\My\Intersect.h">
      <Filter>FGEngine</Filter>
    </ClInclude>
    <ClInclude Include="FGEngine\Src\My\KeyCode.h">
      <Filter>FGEngine</Filter>
    </ClInclude>
    <ClInclude Include="FGEngine\Src\My\Light.h">
      <Filter>FGEngine</Filter>
    </ClInclude>
    <ClInclude Include="FGEngine\Src\My\LightData.h">
      <Filter>FGEngine</Filter>
    </ClInclude>
    <ClInclude Include="FGEngine\Src\My\MapBufferObjecth.h">
      <Filter>FGEngine</Filter>
    </ClInclude>
    <ClInclude Include="FGEngine\Src\My\Material.h">
      <Filter>FGEngine</Filter>
    </ClInclude>
    <ClInclude Include="FGEngine\Src\My\Mathf.h">
      <Filter>FGEngine</Filter>
    </ClInclude>
    <ClInclude Include="FGEngine\Src\My\Matrix3x3.h">
      <Filter>FGEngine</Filter>
    </ClInclude>
    <ClInclude Include="FGEngine\Src\My\Matrix4x4.h">
      <Filter>FGEngine</Filter>
    </ClInclude>
    <ClInclude Include="FGEngine\Src\My\MatrixFrd.h">
      <Filter>FGEngine</Filter>
    </ClInclude>
    <ClInclude Include="FGEngine\Src\My\MatrixPoint.h">
      <Filter>FGEngine</Filter>
    </ClInclude>
    <ClInclude Include="FGEngine\Src\My\MeshBuffer.h">
      <Filter>FGEngine</Filter>
    </ClInclude>
    <ClInclude Include="FGEngine\Src\My\MeshRenderer.h">
      <Filter>FGEngine</Filter>
    </ClInclude>
    <ClInclude Include="FGEngine\Src\My\MonoBehaviour.h">
      <Filter>FGEngine</Filter>
    </ClInclude>
    <ClInclude Include="FGEngine\Src\My\MouseButton.h">
      <Filter>FGEngine</Filter>
    </ClInclude>
    <ClInclude Include="FGEngine\Src\My\Object.h">
      <Filter>FGEngine</Filter>
    </ClInclude>
    <ClInclude Include="FGEngine\Src\My\ObjectManager.h">
      <Filter>FGEngine</Filter>
    </ClInclude>
    <ClInclude Include="FGEngine\Src\My\Package\Glad.h">
      <Filter>FGEngine</Filter>
    </ClInclude>
    <ClInclude Include="FGEngine\Src\My\Package\ImGUI.h">
      <Filter>FGEngine</Filter>
    </ClInclude>
    <ClInclude Include="FGEngine\Src\My\Package\Nlohmann.h">
      <Filter>FGEngine</Filter>
    </ClInclude>
    <ClInclude Include="FGEngine\Src\My\Particle.h">
      <Filter>FGEngine</Filter>
    </ClInclude>
    <ClInclude Include="FGEngine\Src\My\ParticleSystem.h">
      <Filter>FGEngine</Filter>
    </ClInclude>
    <ClInclude Include="FGEngine\Src\My\PhysicsEngine.h">
      <Filter>FGEngine</Filter>
    </ClInclude>
    <ClInclude Include="FGEngine\Src\My\Quaternion.h">
      <Filter>FGEngine</Filter>
    </ClInclude>
    <ClInclude Include="FGEngine\Src\My\Random.h">
      <Filter>FGEngine</Filter>
    </ClInclude>
    <ClInclude Include="FGEngine\Src\My\Renderer.h">
      <Filter>FGEngine</Filter>
    </ClInclude>
    <ClInclude Include="FGEngine\Src\My\RenderingEngine.h">
      <Filter>FGEngine</Filter>
    </ClInclude>
    <ClInclude Include="FGEngine\Src\My\ResouceManager.h">
      <Filter>FGEngine</Filter>
    </ClInclude>
    <ClInclude Include="FGEngine\Src\My\Rigidbody.h">
      <Filter>FGEngine</Filter>
    </ClInclude>
    <ClInclude Include="FGEngine\Src\My\Scene.h">
      <Filter>FGEngine</Filter>
    </ClInclude>
    <ClInclude Include="FGEngine\Src\My\SceneManager.h">
      <Filter>FGEngine</Filter>
    </ClInclude>
    <ClInclude Include="FGEngine\Src\My\Shader.h">
      <Filter>FGEngine</Filter>
    </ClInclude>
    <ClInclude Include="FGEngine\Src\My\ShaderLocationNum.h">
      <Filter>FGEngine</Filter>
    </ClInclude>
    <ClInclude Include="FGEngine\Src\My\Singleton.h">
      <Filter>FGEngine</Filter>
    </ClInclude>
    <ClInclude Include="FGEngine\Src\My\SoundManager.h">
      <Filter>FGEngine</Filter>
    </ClInclude>
    <ClInclude Include="FGEngine\Src\My\SphereCollider.h">
      <Filter>FGEngine</Filter>
    </ClInclude>
    <ClInclude Include="FGEngine\Src\My\Sprite.h">
      <Filter>FGEngine</Filter>
    </ClInclude>
    <ClInclude Include="FGEngine\Src\My\StaticMesh.h">
      <Filter>FGEngine</Filter>
    </ClInclude>
    <ClInclude Include="FGEngine\Src\My\SystemFrd.h">
      <Filter>FGEngine</Filter>
    </ClInclude>
    <ClInclude Include="FGEngine\Src\My\Texture.h">
      <Filter>FGEngine</Filter>
    </ClInclude>
    <ClInclude Include="FGEngine\Src\My\Time.h">
      <Filter>FGEngine</Filter>
    </ClInclude>
    <ClInclude Include="FGEngine\Src\My\Transform.h">
      <Filter>FGEngine</Filter>
    </ClInclude>
    <ClInclude Include="FGEngine\Src\My\Vector2.h">
      <Filter>FGEngine</Filter>
    </ClInclude>
    <ClInclude Include="FGEngine\Src\My\Vector3.h">
      <Filter>FGEngine</Filter>
    </ClInclude>
    <ClInclude Include="FGEngine\Src\My\Vector4.h">
      <Filter>FGEngine</Filter>
    </ClInclude>
    <ClInclude Include="FGEngine\Src\My\VectorFrd.h">
      <Filter>FGEngine</Filter>
    </ClInclude>
    <ClInclude Include="FGEngine\Src\My\VectorPoint.h">
      <Filter>FGEngine</Filter>
    </ClInclude>
    <ClInclude Include="FGEngine\Src\My\Vertex.h">
      <Filter>FGEngine</Filter>
    </ClInclude>
    <ClInclude Include="FGEngine\Src\My\VertexArrayObject.h">
      <Filter>FGEngine</Filter>
    </ClInclude>
    <ClInclude Include="FGEngine\Src\My\WindowManager.h">
      <Filter>FGEngine</Filter>
    </ClInclude>
    <ClInclude Include="FGEngine\Src\My\WorldCollider.h">
      <Filter>FGEngine</Filter>
    </ClInclude>
    <ClInclude Include="FGEngine\Src\MyEngine.h">
      <Filter>FGEngine</Filter>
    </ClInclude>
    <ClInclude Include="FGEngine\Src\Package\glad\include\glad\glad.h">
      <Filter>FGEngine</Filter>
    </ClInclude>
    <ClInclude Include="FGEngine\Src\Package\glad\include\KHR\khrplatform.h">
      <Filter>FGEngine</Filter>
    </ClInclude>
    <ClInclude Include="FGEngine\Src\Package\ImGui\imconfig.h">
      <Filter>FGEngine</Filter>
    </ClInclude>
    <ClInclude Include="FGEngine\Src\Package\ImGui\imgui.h">
      <Filter>FGEngine</Filter>
    </ClInclude>
    <ClInclude Include="FGEngine\Src\Package\ImGui\imgui_impl_glfw.h">
      <Filter>FGEngine</Filter>
    </ClInclude>
    <ClInclude Include="FGEngine\Src\Package\ImGui\imgui_impl_opengl3.h">
      <Filter>FGEngine</Filter>
    </ClInclude>
    <ClInclude Include="FGEngine\Src\Package\ImGui\imgui_impl_opengl3_loader.h">
      <Filter>FGEngine</Filter>
    </ClInclude>
    <ClInclude Include="FGEngine\Src\Package\ImGui\imgui_internal.h">
      <Filter>FGEngine</Filter>
    </ClInclude>
    <ClInclude Include="FGEngine\Src\Package\ImGui\imstb_rectpack.h">
      <Filter>FGEngine</Filter>
    </ClInclude>
    <ClInclude Include="FGEngine\Src\Package\ImGui\imstb_textedit.h">
      <Filter>FGEngine</Filter>
    </ClInclude>
    <ClInclude Include="FGEngine\Src\Package\ImGui\imstb_truetype.h">
      <Filter>FGEngine</Filter>
    </ClInclude>
    <ClInclude Include="FGEngine\Src\Package\nlohmann\json.hpp">
      <Filter>FGEngine</Filter>
    </ClInclude>
    <ClInclude Include="Application\Src\Application.h">
      <Filter>Application</Filter>
    </ClInclude>
    <ClInclude Include="Application\Src\BaseBullet.h">
      <Filter>Application</Filter>
    </ClInclude>
    <ClInclude Include="Application\Src\BaseMs.h">
      <Filter>Application</Filter>
    </ClInclude>
    <ClInclude Include="Application\Src\BaseSlash.h">
      <Filter>Application</Filter>
    </ClInclude>
    <ClInclude Include="Application\Src\BaseWeapon.h">
      <Filter>Application</Filter>
    </ClInclude>
    <ClInclude Include="Application\Src\BattleManager.h">
      <Filter>Application</Filter>
    </ClInclude>
    <ClInclude Include="Application\Src\BattleSettingManager.h">
      <Filter>Application</Filter>
    </ClInclude>
    <ClInclude Include="Application\Src\BgmList.h">
      <Filter>Application</Filter>
    </ClInclude>
    <ClInclude Include="Application\Src\ChoiceManager.h">
      <Filter>Application</Filter>
    </ClInclude>
    <ClInclude Include="Application\Src\ControlOwner.h">
      <Filter>Application</Filter>
    </ClInclude>
    <ClInclude Include="Application\Src\CpuControl.h">
      <Filter>Application</Filter>
    </ClInclude>
    <ClInclude Include="Application\Src\DamageInfo.h">
      <Filter>Application</Filter>
    </ClInclude>
    <ClInclude Include="Application\Src\FadeOut.h">
      <Filter>Application</Filter>
    </ClInclude>
    <ClInclude Include="Application\Src\FGEngine.h">
      <Filter>Application</Filter>
    </ClInclude>
    <ClInclude Include="Application\Src\GameInput.h">
      <Filter>Application</Filter>
    </ClInclude>
    <ClInclude Include="Application\Src\Global.h">
      <Filter>Application</Filter>
    </ClInclude>
    <ClInclude Include="Application\Src\Gundam.h">
      <Filter>Application</Filter>
    </ClInclude>
    <ClInclude Include="Application\Src\HomingBullet.h">
      <Filter>Application</Filter>
    </ClInclude>
    <ClInclude Include="Application\Src\HumanControl.h">
      <Filter>Application</Filter>
    </ClInclude>
    <ClInclude Include="Application\Src\ImageBlinking.h">
      <Filter>Application</Filter>
    </ClInclude>
    <ClInclude Include="Application\Src\ImageNum.h">
      <Filter>Application</Filter>
    </ClInclude>
    <ClInclude Include="Application\Src\LookOnCamera.h">
      <Filter>Application</Filter>
    </ClInclude>
    <ClInclude Include="Application\Src\MsLilst.h">
      <Filter>Application</Filter>
    </ClInclude>
    <ClInclude Include="Application\Src\Scene\BattleMap01Scene.h">
      <Filter>Application</Filter>
    </ClInclude>
    <ClInclude Include="Application\Src\Scene\BattleSettingScene.h">
      <Filter>Application</Filter>
    </ClInclude>
    <ClInclude Include="Application\Src\Scene\ChoiceScene.h">
      <Filter>Application</Filter>
    </ClInclude>
    <ClInclude Include="Application\Src\Scene\TestScene.h">
      <Filter>Application</Filter>
    </ClInclude>
    <ClInclude Include="Application\Src\Scene\TitleScene.h">
      <Filter>Application</Filter>
    </ClInclude>
    <ClInclude Include="Application\Src\TitleManager.h">
      <Filter>Application</Filter>
    </ClInclude>
  </ItemGroup>
</Project>